
Microsoft Visual Studio Solution File, Format Version 12.00
# Visual Studio Version 17
VisualStudioVersion = 17.14.36212.18 d17.14
MinimumVisualStudioVersion = 10.0.40219.1
Project("{2150E333-8FDC-42A3-9474-1A3956D46DE8}") = "src", "src", "{02EA681E-C7D8-13C7-8484-4AC65E1B71E8}"
EndProject
Project("{2150E333-8FDC-42A3-9474-1A3956D46DE8}") = "tests", "tests", "{68287557-12F6-45FF-82C8-FC79309F1DEE}"
EndProject
Project("{FAE04EC0-301F-11D3-BF4B-00C04F79EFBC}") = "Order.API", "Order.API\Order.API.csproj", "{0A6277FE-378C-4473-915F-E7E8A3BA8AFD}"
EndProject
Project("{FAE04EC0-301F-11D3-BF4B-00C04F79EFBC}") = "Order.Application", "Order.Application\Order.Application.csproj", "{C10688B1-9A50-42F6-AA03-79DE1549B912}"
EndProject
Project("{FAE04EC0-301F-11D3-BF4B-00C04F79EFBC}") = "Order.Infrastructure", "Order.Infrastructure\Order.Infrastructure.csproj", "{14BEC1A9-A7C8-49FB-B9DC-34E9FFE00CD9}"
EndProject
Project("{FAE04EC0-301F-11D3-BF4B-00C04F79EFBC}") = "Order.Domain", "Order.Domain\Order.Domain.csproj", "{309DDA26-D3FB-49AB-9060-4BBC92CB793C}"
EndProject
Global
	GlobalSection(SolutionConfigurationPlatforms) = preSolution
		Debug|Any CPU = Debug|Any CPU
		Release|Any CPU = Release|Any CPU
	EndGlobalSection
	GlobalSection(ProjectConfigurationPlatforms) = postSolution
		{0A6277FE-378C-4473-915F-E7E8A3BA8AFD}.Debug|Any CPU.ActiveCfg = Debug|Any CPU
		{0A6277FE-378C-4473-915F-E7E8A3BA8AFD}.Debug|Any CPU.Build.0 = Debug|Any CPU
		{0A6277FE-378C-4473-915F-E7E8A3BA8AFD}.Release|Any CPU.ActiveCfg = Release|Any CPU
		{0A6277FE-378C-4473-915F-E7E8A3BA8AFD}.Release|Any CPU.Build.0 = Release|Any CPU
		{C10688B1-9A50-42F6-AA03-79DE1549B912}.Debug|Any CPU.ActiveCfg = Debug|Any CPU
		{C10688B1-9A50-42F6-AA03-79DE1549B912}.Debug|Any CPU.Build.0 = Debug|Any CPU
		{C10688B1-9A50-42F6-AA03-79DE1549B912}.Release|Any CPU.ActiveCfg = Release|Any CPU
		{C10688B1-9A50-42F6-AA03-79DE1549B912}.Release|Any CPU.Build.0 = Release|Any CPU
		{14BEC1A9-A7C8-49FB-B9DC-34E9FFE00CD9}.Debug|Any CPU.ActiveCfg = Debug|Any CPU
		{14BEC1A9-A7C8-49FB-B9DC-34E9FFE00CD9}.Debug|Any CPU.Build.0 = Debug|Any CPU
		{14BEC1A9-A7C8-49FB-B9DC-34E9FFE00CD9}.Release|Any CPU.ActiveCfg = Release|Any CPU
		{14BEC1A9-A7C8-49FB-B9DC-34E9FFE00CD9}.Release|Any CPU.Build.0 = Release|Any CPU
		{309DDA26-D3FB-49AB-9060-4BBC92CB793C}.Debug|Any CPU.ActiveCfg = Debug|Any CPU
		{309DDA26-D3FB-49AB-9060-4BBC92CB793C}.Debug|Any CPU.Build.0 = Debug|Any CPU
		{309DDA26-D3FB-49AB-9060-4BBC92CB793C}.Release|Any CPU.ActiveCfg = Release|Any CPU
		{309DDA26-D3FB-49AB-9060-4BBC92CB793C}.Release|Any CPU.Build.0 = Release|Any CPU
	EndGlobalSection
	GlobalSection(SolutionProperties) = preSolution
		HideSolutionNode = FALSE
	EndGlobalSection
	GlobalSection(NestedProjects) = preSolution
		{0A6277FE-378C-4473-915F-E7E8A3BA8AFD} = {02EA681E-C7D8-13C7-8484-4AC65E1B71E8}
		{C10688B1-9A50-42F6-AA03-79DE1549B912} = {02EA681E-C7D8-13C7-8484-4AC65E1B71E8}
		{14BEC1A9-A7C8-49FB-B9DC-34E9FFE00CD9} = {02EA681E-C7D8-13C7-8484-4AC65E1B71E8}
		{309DDA26-D3FB-49AB-9060-4BBC92CB793C} = {02EA681E-C7D8-13C7-8484-4AC65E1B71E8}
	EndGlobalSection
	GlobalSection(ExtensibilityGlobals) = postSolution
		SolutionGuid = {C2BFEF85-9BED-49FC-83F0-6883DC7E667C}
	EndGlobalSection
EndGlobal
